// !$*UTF8*$!
{
	archiveVersion = 1;
	classes = {
	};
	objectVersion = 56;
	objects = {

/* Begin PBXBuildFile section */
		9BB5F3F0AEB55AE082F79131 /* Color+Extensions.swift in Sources */ = {isa = PBXBuildFile; fileRef = 55AFCFFADA6B56F7AF67A55C /* Color+Extensions.swift */; };
		7800221D0339518C92600072 /* Date+Extensions.swift in Sources */ = {isa = PBXBuildFile; fileRef = 1F8E6EDC9D585AD6B63D011E /* Date+Extensions.swift */; };
		B425CE0BF7B359538E0C60CC /* Preview+Extensions.swift in Sources */ = {isa = PBXBuildFile; fileRef = EF562AF227705195B501FBA7 /* Preview+Extensions.swift */; };
		B399CC124BD55DDD81D2FDC0 /* SwiftData+Extensions.swift in Sources */ = {isa = PBXBuildFile; fileRef = A2CD902E1E4855E4A7D8F53E /* SwiftData+Extensions.swift */; };
		46CFCA4BB9F45C0698AD427C /* View+Extensions.swift in Sources */ = {isa = PBXBuildFile; fileRef = AEC39BF2AA1F568EBB8DDDE2 /* View+Extensions.swift */; };
		E5C59398788759FA9C5BE8D7 /* Enums.swift in Sources */ = {isa = PBXBuildFile; fileRef = C7AA1BD2957A54B9B1383D80 /* Enums.swift */; };
		6B4C7099EF7F526B914CD669 /* FoodItem.swift in Sources */ = {isa = PBXBuildFile; fileRef = 93F04110DDC55F31ACE17DAF /* FoodItem.swift */; };
		534FFBA92D9F519995F179D3 /* GroceryItem.swift in Sources */ = {isa = PBXBuildFile; fileRef = 0E2D0C20A3CE59979D9DB198 /* GroceryItem.swift */; };
		E591BD07C25D5C62A90BFA7D /* Household.swift in Sources */ = {isa = PBXBuildFile; fileRef = 4365949751A3578AAFA13903 /* Household.swift */; };
		F61E73D2974D518387F73BAE /* Ingredient.swift in Sources */ = {isa = PBXBuildFile; fileRef = 0A2DF9E950CA544DAC1AE234 /* Ingredient.swift */; };
		5F0078471B4656D480F276DE /* MacroSummary.swift in Sources */ = {isa = PBXBuildFile; fileRef = 11B97A6B6AA056D2831EC187 /* MacroSummary.swift */; };
		487758C87B065621804C7021 /* MealArchetype.swift in Sources */ = {isa = PBXBuildFile; fileRef = 85DF409711E55D2A879B29F4 /* MealArchetype.swift */; };
		9C56297CF89953879B79466C /* MealSlot.swift in Sources */ = {isa = PBXBuildFile; fileRef = 04DE4DD551B45225BAE76916 /* MealSlot.swift */; };
		C590AD126512545EBE07E11B /* ParsedIngredient.swift in Sources */ = {isa = PBXBuildFile; fileRef = 1ADD49DE9DF9584E99A94FE1 /* ParsedIngredient.swift */; };
		B7EC14052BD85050BDDE12DE /* PersonalSettings.swift in Sources */ = {isa = PBXBuildFile; fileRef = 2E18AF3FCE815CCDA931D38C /* PersonalSettings.swift */; };
		94A8D82C13325F33BBA058C2 /* PrivateMealLog.swift in Sources */ = {isa = PBXBuildFile; fileRef = D35E6801255E5B11BF9C2C9F /* PrivateMealLog.swift */; };
		DBDBF5CDBED2551F9AAD7005 /* Recipe.swift in Sources */ = {isa = PBXBuildFile; fileRef = F9009679FFAE5365B1D3A2F9 /* Recipe.swift */; };
		9DCE6F9DCAAD56FBBADEE6C8 /* RecipeIngredient.swift in Sources */ = {isa = PBXBuildFile; fileRef = 18E030F7527F56C28A2B01C3 /* RecipeIngredient.swift */; };
		599BC66A423556538784C0C7 /* SuggestionMemory.swift in Sources */ = {isa = PBXBuildFile; fileRef = 4EE13E5D12175B3793E63FF3 /* SuggestionMemory.swift */; };
		061A0BD021FB568AB66E5E3D /* User.swift in Sources */ = {isa = PBXBuildFile; fileRef = EFD709A55DE259089882E928 /* User.swift */; };
		7090E74135715107BD7778AB /* WeekPlan.swift in Sources */ = {isa = PBXBuildFile; fileRef = A9275A734D115562B503BAEA /* WeekPlan.swift */; };
		7C63E8FC1FEA504F82C48B72 /* AppLogger.swift in Sources */ = {isa = PBXBuildFile; fileRef = EDE010D82C9459DE968F5B58 /* AppLogger.swift */; };
		62611FACBF39573DB60131F3 /* Theme.swift in Sources */ = {isa = PBXBuildFile; fileRef = 79ED5D9A12335C0A9E03B8C7 /* Theme.swift */; };
		0DA42246B1045482896CDAD1 /* TVDemoDataSeeder.swift in Sources */ = {isa = PBXBuildFile; fileRef = 6AC2E78559CC5ADC806DEA33 /* TVDemoDataSeeder.swift */; };
		538F15A23D7E53CDBB476B2E /* TableTogetherTVApp.swift in Sources */ = {isa = PBXBuildFile; fileRef = C5A0CC3C8B2D59F5B27A89D7 /* TableTogetherTVApp.swift */; };
		C41190AAECD0596985C4E622 /* TVTheme.swift in Sources */ = {isa = PBXBuildFile; fileRef = 2C6B0B0CF2B7511C930A891E /* TVTheme.swift */; };
		7F6AD7467BF45A9C8995581B /* TVGlassCard.swift in Sources */ = {isa = PBXBuildFile; fileRef = ED38DEAE793D52E38022BDD4 /* TVGlassCard.swift */; };
		B163B9AD3182580BBB01E823 /* TVMealCard.swift in Sources */ = {isa = PBXBuildFile; fileRef = 1A6B4930ACC25D82BE4FCBCA /* TVMealCard.swift */; };
		CB45062895A95833B7ECC62A /* AmbientView.swift in Sources */ = {isa = PBXBuildFile; fileRef = 6073427151DC55319BF44477 /* AmbientView.swift */; };
		3D790907C4E5579CB4C03603 /* RecipeView.swift in Sources */ = {isa = PBXBuildFile; fileRef = 5DE5B6CD46E95CDAAEED70A5 /* RecipeView.swift */; };
		E47DE5E9F0C6D4C911200011 /* Assets.xcassets in Resources */ = {isa = PBXBuildFile; fileRef = E47DE5E9F0C6D4C911200012 /* Assets.xcassets */; };
/* End PBXBuildFile section */

/* Begin PBXFileReference section */
		089C1665FEEF756F011CA5E2 /* Foundation.framework */ = {isa = PBXFileReference; lastKnownFileType = wrapper.framework; name = Foundation.framework; path = System/Library/Frameworks/Foundation.framework; sourceTree = SDKROOT; };
		E47DE5E9F0C6D4C911200012 /* Assets.xcassets */ = {isa = PBXFileReference; lastKnownFileType = folder.assetcatalog; path = "TableTogetherTV/Assets.xcassets"; sourceTree = SOURCE_ROOT; };
		55AFCFFADA6B56F7AF67A55C /* Color+Extensions.swift */ = {isa = PBXFileReference; lastKnownFileType = sourcecode.swift; path = "TableTogether/Sources/Extensions/Color+Extensions.swift"; sourceTree = "<group>"; };
		1F8E6EDC9D585AD6B63D011E /* Date+Extensions.swift */ = {isa = PBXFileReference; lastKnownFileType = sourcecode.swift; path = "TableTogether/Sources/Extensions/Date+Extensions.swift"; sourceTree = "<group>"; };
		EF562AF227705195B501FBA7 /* Preview+Extensions.swift */ = {isa = PBXFileReference; lastKnownFileType = sourcecode.swift; path = "TableTogether/Sources/Extensions/Preview+Extensions.swift"; sourceTree = "<group>"; };
		A2CD902E1E4855E4A7D8F53E /* SwiftData+Extensions.swift */ = {isa = PBXFileReference; lastKnownFileType = sourcecode.swift; path = "TableTogether/Sources/Extensions/SwiftData+Extensions.swift"; sourceTree = "<group>"; };
		AEC39BF2AA1F568EBB8DDDE2 /* View+Extensions.swift */ = {isa = PBXFileReference; lastKnownFileType = sourcecode.swift; path = "TableTogether/Sources/Extensions/View+Extensions.swift"; sourceTree = "<group>"; };
		C7AA1BD2957A54B9B1383D80 /* Enums.swift */ = {isa = PBXFileReference; lastKnownFileType = sourcecode.swift; path = "TableTogether/Sources/Models/Enums.swift"; sourceTree = "<group>"; };
		93F04110DDC55F31ACE17DAF /* FoodItem.swift */ = {isa = PBXFileReference; lastKnownFileType = sourcecode.swift; path = "TableTogether/Sources/Models/FoodItem.swift"; sourceTree = "<group>"; };
		0E2D0C20A3CE59979D9DB198 /* GroceryItem.swift */ = {isa = PBXFileReference; lastKnownFileType = sourcecode.swift; path = "TableTogether/Sources/Models/GroceryItem.swift"; sourceTree = "<group>"; };
		4365949751A3578AAFA13903 /* Household.swift */ = {isa = PBXFileReference; lastKnownFileType = sourcecode.swift; path = "TableTogether/Sources/Models/Household.swift"; sourceTree = "<group>"; };
		0A2DF9E950CA544DAC1AE234 /* Ingredient.swift */ = {isa = PBXFileReference; lastKnownFileType = sourcecode.swift; path = "TableTogether/Sources/Models/Ingredient.swift"; sourceTree = "<group>"; };
		11B97A6B6AA056D2831EC187 /* MacroSummary.swift */ = {isa = PBXFileReference; lastKnownFileType = sourcecode.swift; path = "TableTogether/Sources/Models/MacroSummary.swift"; sourceTree = "<group>"; };
		85DF409711E55D2A879B29F4 /* MealArchetype.swift */ = {isa = PBXFileReference; lastKnownFileType = sourcecode.swift; path = "TableTogether/Sources/Models/MealArchetype.swift"; sourceTree = "<group>"; };
		04DE4DD551B45225BAE76916 /* MealSlot.swift */ = {isa = PBXFileReference; lastKnownFileType = sourcecode.swift; path = "TableTogether/Sources/Models/MealSlot.swift"; sourceTree = "<group>"; };
		1ADD49DE9DF9584E99A94FE1 /* ParsedIngredient.swift */ = {isa = PBXFileReference; lastKnownFileType = sourcecode.swift; path = "TableTogether/Sources/Models/ParsedIngredient.swift"; sourceTree = "<group>"; };
		2E18AF3FCE815CCDA931D38C /* PersonalSettings.swift */ = {isa = PBXFileReference; lastKnownFileType = sourcecode.swift; path = "TableTogether/Sources/Models/PersonalSettings.swift"; sourceTree = "<group>"; };
		D35E6801255E5B11BF9C2C9F /* PrivateMealLog.swift */ = {isa = PBXFileReference; lastKnownFileType = sourcecode.swift; path = "TableTogether/Sources/Models/PrivateMealLog.swift"; sourceTree = "<group>"; };
		F9009679FFAE5365B1D3A2F9 /* Recipe.swift */ = {isa = PBXFileReference; lastKnownFileType = sourcecode.swift; path = "TableTogether/Sources/Models/Recipe.swift"; sourceTree = "<group>"; };
		18E030F7527F56C28A2B01C3 /* RecipeIngredient.swift */ = {isa = PBXFileReference; lastKnownFileType = sourcecode.swift; path = "TableTogether/Sources/Models/RecipeIngredient.swift"; sourceTree = "<group>"; };
		4EE13E5D12175B3793E63FF3 /* SuggestionMemory.swift */ = {isa = PBXFileReference; lastKnownFileType = sourcecode.swift; path = "TableTogether/Sources/Models/SuggestionMemory.swift"; sourceTree = "<group>"; };
		EFD709A55DE259089882E928 /* User.swift */ = {isa = PBXFileReference; lastKnownFileType = sourcecode.swift; path = "TableTogether/Sources/Models/User.swift"; sourceTree = "<group>"; };
		A9275A734D115562B503BAEA /* WeekPlan.swift */ = {isa = PBXFileReference; lastKnownFileType = sourcecode.swift; path = "TableTogether/Sources/Models/WeekPlan.swift"; sourceTree = "<group>"; };
		EDE010D82C9459DE968F5B58 /* AppLogger.swift */ = {isa = PBXFileReference; lastKnownFileType = sourcecode.swift; path = "TableTogether/Sources/Services/AppLogger.swift"; sourceTree = "<group>"; };
		79ED5D9A12335C0A9E03B8C7 /* Theme.swift */ = {isa = PBXFileReference; lastKnownFileType = sourcecode.swift; path = "TableTogether/Sources/Views/Shared/Theme.swift"; sourceTree = "<group>"; };
		6AC2E78559CC5ADC806DEA33 /* TVDemoDataSeeder.swift */ = {isa = PBXFileReference; lastKnownFileType = sourcecode.swift; path = "TableTogetherTV/Sources/TVDemoDataSeeder.swift"; sourceTree = "<group>"; };
		C5A0CC3C8B2D59F5B27A89D7 /* TableTogetherTVApp.swift */ = {isa = PBXFileReference; lastKnownFileType = sourcecode.swift; path = "TableTogetherTV/Sources/TableTogetherTVApp.swift"; sourceTree = "<group>"; };
		2C6B0B0CF2B7511C930A891E /* TVTheme.swift */ = {isa = PBXFileReference; lastKnownFileType = sourcecode.swift; path = "TableTogetherTV/Sources/Theme/TVTheme.swift"; sourceTree = "<group>"; };
		ED38DEAE793D52E38022BDD4 /* TVGlassCard.swift */ = {isa = PBXFileReference; lastKnownFileType = sourcecode.swift; path = "TableTogetherTV/Sources/Views/Components/TVGlassCard.swift"; sourceTree = "<group>"; };
		1A6B4930ACC25D82BE4FCBCA /* TVMealCard.swift */ = {isa = PBXFileReference; lastKnownFileType = sourcecode.swift; path = "TableTogetherTV/Sources/Views/Components/TVMealCard.swift"; sourceTree = "<group>"; };
		6073427151DC55319BF44477 /* AmbientView.swift */ = {isa = PBXFileReference; lastKnownFileType = sourcecode.swift; path = "TableTogetherTV/Sources/Views/Screens/AmbientView.swift"; sourceTree = "<group>"; };
		5DE5B6CD46E95CDAAEED70A5 /* RecipeView.swift */ = {isa = PBXFileReference; lastKnownFileType = sourcecode.swift; path = "TableTogetherTV/Sources/Views/Screens/RecipeView.swift"; sourceTree = "<group>"; };
		E47DE5E9F0C6D4C911100002 /* TableTogetherTV.app */ = {isa = PBXFileReference; explicitFileType = wrapper.application; includeInIndex = 0; path = TableTogetherTV.app; sourceTree = BUILT_PRODUCTS_DIR; };
/* End PBXFileReference section */

/* Begin PBXFrameworksBuildPhase section */
		E47DE5E9F0C6D4C911200010 /* Frameworks */ = {
			isa = PBXFrameworksBuildPhase;
			buildActionMask = 2147483647;
			files = (
			);
			runOnlyForDeploymentPostprocessing = 0;
		};
/* End PBXFrameworksBuildPhase section */

/* Begin PBXGroup section */
		089C1665FEEF756F011CA5E3 /* TableTogetherTV */ = {
			isa = PBXGroup;
			children = (
				55AFCFFADA6B56F7AF67A55C /* Color+Extensions.swift */,
				1F8E6EDC9D585AD6B63D011E /* Date+Extensions.swift */,
				EF562AF227705195B501FBA7 /* Preview+Extensions.swift */,
				A2CD902E1E4855E4A7D8F53E /* SwiftData+Extensions.swift */,
				AEC39BF2AA1F568EBB8DDDE2 /* View+Extensions.swift */,
				C7AA1BD2957A54B9B1383D80 /* Enums.swift */,
				93F04110DDC55F31ACE17DAF /* FoodItem.swift */,
				0E2D0C20A3CE59979D9DB198 /* GroceryItem.swift */,
				4365949751A3578AAFA13903 /* Household.swift */,
				0A2DF9E950CA544DAC1AE234 /* Ingredient.swift */,
				11B97A6B6AA056D2831EC187 /* MacroSummary.swift */,
				85DF409711E55D2A879B29F4 /* MealArchetype.swift */,
				04DE4DD551B45225BAE76916 /* MealSlot.swift */,
				1ADD49DE9DF9584E99A94FE1 /* ParsedIngredient.swift */,
				2E18AF3FCE815CCDA931D38C /* PersonalSettings.swift */,
				D35E6801255E5B11BF9C2C9F /* PrivateMealLog.swift */,
				F9009679FFAE5365B1D3A2F9 /* Recipe.swift */,
				18E030F7527F56C28A2B01C3 /* RecipeIngredient.swift */,
				4EE13E5D12175B3793E63FF3 /* SuggestionMemory.swift */,
				EFD709A55DE259089882E928 /* User.swift */,
				A9275A734D115562B503BAEA /* WeekPlan.swift */,
				EDE010D82C9459DE968F5B58 /* AppLogger.swift */,
				79ED5D9A12335C0A9E03B8C7 /* Theme.swift */,
				6AC2E78559CC5ADC806DEA33 /* TVDemoDataSeeder.swift */,
				C5A0CC3C8B2D59F5B27A89D7 /* TableTogetherTVApp.swift */,
				2C6B0B0CF2B7511C930A891E /* TVTheme.swift */,
				ED38DEAE793D52E38022BDD4 /* TVGlassCard.swift */,
				1A6B4930ACC25D82BE4FCBCA /* TVMealCard.swift */,
				6073427151DC55319BF44477 /* AmbientView.swift */,
				5DE5B6CD46E95CDAAEED70A5 /* RecipeView.swift */,
			);
			path = .;
			sourceTree = "<group>";
		};
		19C28FACFE9D520D11CA2CBB /* Products */ = {
			isa = PBXGroup;
			children = (
				E47DE5E9F0C6D4C911100002 /* TableTogetherTV.app */,
			);
			name = Products;
			sourceTree = "<group>";
		};
/* End PBXGroup section */

/* Begin PBXResourcesBuildPhase section */
		E47DE5E9F0C6D4C911200013 /* Resources */ = {
			isa = PBXResourcesBuildPhase;
			buildActionMask = 2147483647;
			files = (
				E47DE5E9F0C6D4C911200011 /* Assets.xcassets in Resources */,
			);
			runOnlyForDeploymentPostprocessing = 0;
		};
/* End PBXResourcesBuildPhase section */

/* Begin PBXNativeTarget section */
		E47DE5E9F0C6D4C911000002 /* TableTogetherTV */ = {
			isa = PBXNativeTarget;
			buildConfigurationList = E47DE5E9F0C6D4C911400002 /* Build configuration list for PBXNativeTarget "TableTogetherTV" */;
			buildPhases = (
				E47DE5E9F0C6D4C911300002 /* Sources */,
				E47DE5E9F0C6D4C911200010 /* Frameworks */,
				E47DE5E9F0C6D4C911200013 /* Resources */,
			);
			buildRules = (
			);
			dependencies = (
			);
			name = TableTogetherTV;
			productName = TableTogetherTV;
			productReference = E47DE5E9F0C6D4C911100002 /* TableTogetherTV.app */;
			productType = "com.apple.product-type.application";
		};
/* End PBXNativeTarget section */

/* Begin PBXProject section */
		089C1665FEEF756F011CA5E0 /* Project object */ = {
			isa = PBXProject;
			attributes = {
				BuildIndependentTargetsInParallel = YES;
				LastSwiftUpdateCheck = 1520;
				LastUpgradeCheck = 1520;
			};
			buildConfigurationList = E47DE5E9F0C6D4C911500002 /* Build configuration list for PBXProject "TableTogetherTV" */;
			compatibilityVersion = "Xcode 14.0";
			developmentRegion = en;
			hasScannedForEncodings = 0;
			knownRegions = (
				en,
				Base,
			);
			mainGroup = 089C1665FEEF756F011CA5E3 /* TableTogetherTV */;
			productRefGroup = 19C28FACFE9D520D11CA2CBB /* Products */;
			projectDirPath = "";
			projectRoot = "";
			targets = (
				E47DE5E9F0C6D4C911000002 /* TableTogetherTV */,
			);
		};
/* End PBXProject section */

/* Begin PBXSourcesBuildPhase section */
		E47DE5E9F0C6D4C911300002 /* Sources */ = {
			isa = PBXSourcesBuildPhase;
			buildActionMask = 2147483647;
			files = (
				9BB5F3F0AEB55AE082F79131 /* Color+Extensions.swift in Sources */,
				7800221D0339518C92600072 /* Date+Extensions.swift in Sources */,
				B425CE0BF7B359538E0C60CC /* Preview+Extensions.swift in Sources */,
				B399CC124BD55DDD81D2FDC0 /* SwiftData+Extensions.swift in Sources */,
				46CFCA4BB9F45C0698AD427C /* View+Extensions.swift in Sources */,
				E5C59398788759FA9C5BE8D7 /* Enums.swift in Sources */,
				6B4C7099EF7F526B914CD669 /* FoodItem.swift in Sources */,
				534FFBA92D9F519995F179D3 /* GroceryItem.swift in Sources */,
				E591BD07C25D5C62A90BFA7D /* Household.swift in Sources */,
				F61E73D2974D518387F73BAE /* Ingredient.swift in Sources */,
				5F0078471B4656D480F276DE /* MacroSummary.swift in Sources */,
				487758C87B065621804C7021 /* MealArchetype.swift in Sources */,
				9C56297CF89953879B79466C /* MealSlot.swift in Sources */,
				C590AD126512545EBE07E11B /* ParsedIngredient.swift in Sources */,
				B7EC14052BD85050BDDE12DE /* PersonalSettings.swift in Sources */,
				94A8D82C13325F33BBA058C2 /* PrivateMealLog.swift in Sources */,
				DBDBF5CDBED2551F9AAD7005 /* Recipe.swift in Sources */,
				9DCE6F9DCAAD56FBBADEE6C8 /* RecipeIngredient.swift in Sources */,
				599BC66A423556538784C0C7 /* SuggestionMemory.swift in Sources */,
				061A0BD021FB568AB66E5E3D /* User.swift in Sources */,
				7090E74135715107BD7778AB /* WeekPlan.swift in Sources */,
				7C63E8FC1FEA504F82C48B72 /* AppLogger.swift in Sources */,
				62611FACBF39573DB60131F3 /* Theme.swift in Sources */,
				0DA42246B1045482896CDAD1 /* TVDemoDataSeeder.swift in Sources */,
				538F15A23D7E53CDBB476B2E /* TableTogetherTVApp.swift in Sources */,
				C41190AAECD0596985C4E622 /* TVTheme.swift in Sources */,
				7F6AD7467BF45A9C8995581B /* TVGlassCard.swift in Sources */,
				B163B9AD3182580BBB01E823 /* TVMealCard.swift in Sources */,
				CB45062895A95833B7ECC62A /* AmbientView.swift in Sources */,
				3D790907C4E5579CB4C03603 /* RecipeView.swift in Sources */,
			);
			runOnlyForDeploymentPostprocessing = 0;
		};
/* End PBXSourcesBuildPhase section */

/* Begin XCBuildConfiguration section */
		E47DE5E9F0C6D4C911600003 /* Debug */ = {
			isa = XCBuildConfiguration;
			buildSettings = {
				ALWAYS_SEARCH_USER_PATHS = NO;
				ASSETCATALOG_COMPILER_APPICON_NAME = AppIcon;
				ASSETCATALOG_COMPILER_GENERATE_SWIFT_ASSET_SYMBOL_EXTENSIONS = YES;
				ASSETCATALOG_COMPILER_INCLUDE_ALL_APPICON_ASSETS = YES;
				ASSETCATALOG_COMPILER_STANDALONE_ICON_BEHAVIOR = default;
				CLANG_ENABLE_MODULES = YES;
				CLANG_ENABLE_OBJC_ARC = YES;
				CODE_SIGN_STYLE = Automatic;
				CURRENT_PROJECT_VERSION = 1;
				DEVELOPMENT_TEAM = N6BK2WX94Z;
				DEBUG_INFORMATION_FORMAT = dwarf;
				ENABLE_STRICT_OBJC_MSGSEND = YES;
				GCC_NO_COMMON_BLOCKS = YES;
				GCC_OPTIMIZATION_LEVEL = 0;
				GCC_WARN_64_TO_32_BIT_CONVERSION = YES;
				GCC_WARN_ABOUT_RETURN_TYPE = YES_ERROR;
				GCC_WARN_UNDECLARED_SELECTOR = YES;
				GCC_WARN_UNINITIALIZED_AUTOS = YES_AGGRESSIVE;
				GCC_WARN_UNUSED_FUNCTION = YES;
				GCC_WARN_UNUSED_VARIABLE = YES;
				TVOS_DEPLOYMENT_TARGET = 17.0;
				MARKETING_VERSION = 1.0;
				MTL_ENABLE_DEBUG_INFO = INCLUDE_SOURCE;
				MTL_FAST_MATH = YES;
				ONLY_ACTIVE_ARCH = YES;
				GENERATE_INFOPLIST_FILE = YES;
				INFOPLIST_FILE = TableTogetherTV/Info.plist;
				INFOPLIST_KEY_UILaunchScreen_Generation = YES;
				INFOPLIST_KEY_UIUserInterfaceStyle = Dark;
				PRODUCT_BUNDLE_IDENTIFIER = dev.dreamfold.tabletogether.tv;
				PRODUCT_NAME = "$(TARGET_NAME)";
				SDKROOT = appletvos;
				SUPPORTED_PLATFORMS = "appletvos appletvsimulator";
				SWIFT_ACTIVE_COMPILATION_CONDITIONS = DEBUG;
				SWIFT_EMIT_LOC_STRINGS = YES;
				SWIFT_OPTIMIZATION_LEVEL = "-Onone";
				SWIFT_VERSION = 5.0;
				TARGETED_DEVICE_FAMILY = 3;
			};
			name = Debug;
		};
		E47DE5E9F0C6D4C911600004 /* Release */ = {
			isa = XCBuildConfiguration;
			buildSettings = {
				ALWAYS_SEARCH_USER_PATHS = NO;
				ASSETCATALOG_COMPILER_APPICON_NAME = AppIcon;
				ASSETCATALOG_COMPILER_GENERATE_SWIFT_ASSET_SYMBOL_EXTENSIONS = YES;
				ASSETCATALOG_COMPILER_INCLUDE_ALL_APPICON_ASSETS = YES;
				ASSETCATALOG_COMPILER_STANDALONE_ICON_BEHAVIOR = default;
				CLANG_ENABLE_MODULES = YES;
				CLANG_ENABLE_OBJC_ARC = YES;
				CODE_SIGN_IDENTITY = "Apple Development";
				CODE_SIGN_STYLE = Automatic;
				CURRENT_PROJECT_VERSION = 1;
				DEVELOPMENT_TEAM = N6BK2WX94Z;
				PROVISIONING_PROFILE_SPECIFIER = "";
				ENABLE_STRICT_OBJC_MSGSEND = YES;
				GCC_NO_COMMON_BLOCKS = YES;
				GCC_WARN_64_TO_32_BIT_CONVERSION = YES;
				GCC_WARN_ABOUT_RETURN_TYPE = YES_ERROR;
				GCC_WARN_UNDECLARED_SELECTOR = YES;
				GCC_WARN_UNINITIALIZED_AUTOS = YES_AGGRESSIVE;
				GCC_WARN_UNUSED_FUNCTION = YES;
				GCC_WARN_UNUSED_VARIABLE = YES;
				TVOS_DEPLOYMENT_TARGET = 17.0;
				MARKETING_VERSION = 1.0;
				MTL_ENABLE_DEBUG_INFO = NO;
				MTL_FAST_MATH = YES;
				GENERATE_INFOPLIST_FILE = YES;
				INFOPLIST_FILE = TableTogetherTV/Info.plist;
				INFOPLIST_KEY_UILaunchScreen_Generation = YES;
				INFOPLIST_KEY_UIUserInterfaceStyle = Dark;
				PRODUCT_BUNDLE_IDENTIFIER = dev.dreamfold.tabletogether.tv;
				PRODUCT_NAME = "$(TARGET_NAME)";
				SDKROOT = appletvos;
				SUPPORTED_PLATFORMS = "appletvos appletvsimulator";
				SWIFT_EMIT_LOC_STRINGS = YES;
				SWIFT_VERSION = 5.0;
				TARGETED_DEVICE_FAMILY = 3;
				VALIDATE_PRODUCT = YES;
			};
			name = Release;
		};
		E47DE5E9F0C6D4C911700003 /* Debug */ = {
			isa = XCBuildConfiguration;
			buildSettings = {
				ALWAYS_SEARCH_USER_PATHS = NO;
				CLANG_CXX_LANGUAGE_STANDARD = "gnu++20";
				CLANG_ENABLE_MODULES = YES;
				CLANG_ENABLE_OBJC_ARC = YES;
				COPY_PHASE_STRIP = NO;
				DEBUG_INFORMATION_FORMAT = dwarf;
				GCC_C_LANGUAGE_STANDARD = gnu11;
				GCC_DYNAMIC_NO_PIC = NO;
				GCC_OPTIMIZATION_LEVEL = 0;
				GCC_PREPROCESSOR_DEFINITIONS = (
					"DEBUG=1",
					"$(inherited)",
				);
				GCC_WARN_ABOUT_RETURN_TYPE = YES_ERROR;
				GCC_WARN_UNINITIALIZED_AUTOS = YES_AGGRESSIVE;
				MTL_ENABLE_DEBUG_INFO = INCLUDE_SOURCE;
				ONLY_ACTIVE_ARCH = YES;
				SWIFT_ACTIVE_COMPILATION_CONDITIONS = DEBUG;
				SWIFT_OPTIMIZATION_LEVEL = "-Onone";
			};
			name = Debug;
		};
		E47DE5E9F0C6D4C911700004 /* Release */ = {
			isa = XCBuildConfiguration;
			buildSettings = {
				ALWAYS_SEARCH_USER_PATHS = NO;
				CLANG_CXX_LANGUAGE_STANDARD = "gnu++20";
				CLANG_ENABLE_MODULES = YES;
				CLANG_ENABLE_OBJC_ARC = YES;
				COPY_PHASE_STRIP = NO;
				GCC_C_LANGUAGE_STANDARD = gnu11;
				GCC_WARN_ABOUT_RETURN_TYPE = YES_ERROR;
				GCC_WARN_UNINITIALIZED_AUTOS = YES_AGGRESSIVE;
				MTL_ENABLE_DEBUG_INFO = NO;
				SWIFT_COMPILATION_MODE = wholemodule;
				SWIFT_OPTIMIZATION_LEVEL = "-O";
			};
			name = Release;
		};
/* End XCBuildConfiguration section */

/* Begin XCConfigurationList section */
		E47DE5E9F0C6D4C911400002 /* Build configuration list for PBXNativeTarget "TableTogetherTV" */ = {
			isa = XCConfigurationList;
			buildConfigurations = (
				E47DE5E9F0C6D4C911600003 /* Debug */,
				E47DE5E9F0C6D4C911600004 /* Release */,
			);
			defaultConfigurationIsVisible = 0;
			defaultConfigurationName = Release;
		};
		E47DE5E9F0C6D4C911500002 /* Build configuration list for PBXProject "TableTogetherTV" */ = {
			isa = XCConfigurationList;
			buildConfigurations = (
				E47DE5E9F0C6D4C911700003 /* Debug */,
				E47DE5E9F0C6D4C911700004 /* Release */,
			);
			defaultConfigurationIsVisible = 0;
			defaultConfigurationName = Release;
		};
/* End XCConfigurationList section */
	};
	rootObject = 089C1665FEEF756F011CA5E0 /* Project object */;
}
