// !$*UTF8*$!
{
	archiveVersion = 1;
	classes = {
	};
	objectVersion = 56;
	objects = {

/* Begin PBXBuildFile section */
		74C047A8E7345501AC73D767 /* FoodItem+CoreData.swift in Sources */ = {isa = PBXBuildFile; fileRef = 4854FF7FA6055950A722A02E /* FoodItem+CoreData.swift */; };
		FB1129F37C7255DEA502727E /* GroceryItem+CoreData.swift in Sources */ = {isa = PBXBuildFile; fileRef = 4831EA8B56E55178B5F0CD5A /* GroceryItem+CoreData.swift */; };
		D31C8CB36ABE52B3B91D92A1 /* Household+CoreData.swift in Sources */ = {isa = PBXBuildFile; fileRef = 781DC90DB6DA5D9AB7D23F26 /* Household+CoreData.swift */; };
		6AACCD2B3A2254678CF63EAA /* Ingredient+CoreData.swift in Sources */ = {isa = PBXBuildFile; fileRef = 744CBB0FAA0E5F73BE00FC34 /* Ingredient+CoreData.swift */; };
		3D0039AF55A952D8A4A599FA /* MealArchetype+CoreData.swift in Sources */ = {isa = PBXBuildFile; fileRef = 6AE7AD09AD5E51219523FC4D /* MealArchetype+CoreData.swift */; };
		49C14B7200785C8596C7D9A3 /* MealSlot+CoreData.swift in Sources */ = {isa = PBXBuildFile; fileRef = 9A2E7F13C5C25C7FA5C6DD42 /* MealSlot+CoreData.swift */; };
		BA0EB1EF0BCC55ECA9B0944E /* MealSlotComponent+CoreData.swift in Sources */ = {isa = PBXBuildFile; fileRef = A7D994356C505FF6AE5B7B6F /* MealSlotComponent+CoreData.swift */; };
		6D07DCCE0E3C576D82C46275 /* NSManagedObject+Identifiable.swift in Sources */ = {isa = PBXBuildFile; fileRef = 28265224167D59EE8EFBD1FD /* NSManagedObject+Identifiable.swift */; };
		75FD611AC70A51BCB817749B /* PersistenceController.swift in Sources */ = {isa = PBXBuildFile; fileRef = 79453674C6085087933B7D13 /* PersistenceController.swift */; };
		86918DF419ED5432926CFB5B /* Recipe+CoreData.swift in Sources */ = {isa = PBXBuildFile; fileRef = 5B443C448BFF538B8D37F458 /* Recipe+CoreData.swift */; };
		D87BBF8058E8555D9C632A87 /* RecipeIngredient+CoreData.swift in Sources */ = {isa = PBXBuildFile; fileRef = 3CF3F8AA316554AE951CDECF /* RecipeIngredient+CoreData.swift */; };
		D57E5D420CCD5761852DEE06 /* SuggestionMemory+CoreData.swift in Sources */ = {isa = PBXBuildFile; fileRef = 38E651F107B35E99875DDC55 /* SuggestionMemory+CoreData.swift */; };
		7552800146DE52E78531BFA6 /* User+CoreData.swift in Sources */ = {isa = PBXBuildFile; fileRef = DE4A1EECC88652A3964288EA /* User+CoreData.swift */; };
		6C78682856D859139CA20F95 /* WeekPlan+CoreData.swift in Sources */ = {isa = PBXBuildFile; fileRef = 8B01CD809D655DD9B34B02AD /* WeekPlan+CoreData.swift */; };
		ED6DCB62F23E513F8D15E3C7 /* Color+Extensions.swift in Sources */ = {isa = PBXBuildFile; fileRef = EBD8D5C9861E53F3A1803720 /* Color+Extensions.swift */; };
		7742DF044D5F55B5AD51B73F /* Date+Extensions.swift in Sources */ = {isa = PBXBuildFile; fileRef = BF1B19A88EF2524A861EEE75 /* Date+Extensions.swift */; };
		BEC5C0FE761C551095EA7A7D /* Notification+Extensions.swift in Sources */ = {isa = PBXBuildFile; fileRef = 6956DD87B22D565CB0215E1B /* Notification+Extensions.swift */; };
		8569E030368753EA833A18DB /* Preview+Extensions.swift in Sources */ = {isa = PBXBuildFile; fileRef = 4F753E34CFF45C38BD329276 /* Preview+Extensions.swift */; };
		18E3EBFA0E5750228A23DC81 /* SwiftData+Extensions.swift in Sources */ = {isa = PBXBuildFile; fileRef = BD7884CCD451579797A387F5 /* SwiftData+Extensions.swift */; };
		9A7432D0FF3E5C3CBDACDF01 /* UUID+Deterministic.swift in Sources */ = {isa = PBXBuildFile; fileRef = DF943120621C59D9B1EEB621 /* UUID+Deterministic.swift */; };
		59FB46DA0A535C9384DF052D /* View+Extensions.swift in Sources */ = {isa = PBXBuildFile; fileRef = AC2BAC25825D52038BDD78A0 /* View+Extensions.swift */; };
		1C6A249892775CF28E69CFAB /* CodableRecipe.swift in Sources */ = {isa = PBXBuildFile; fileRef = C361465FF43957709B305FFD /* CodableRecipe.swift */; };
		A59FAFCBB1E3545B9054D1F9 /* CommonPortion.swift in Sources */ = {isa = PBXBuildFile; fileRef = A1B918ED5BF15B86A860FD38 /* CommonPortion.swift */; };
		E50D462E9F0B5EEA94E73761 /* Enums.swift in Sources */ = {isa = PBXBuildFile; fileRef = 53D2E26245AB580DBE1BB1B6 /* Enums.swift */; };
		B95BB43CD1125B2B80B92A48 /* MacroSummary.swift in Sources */ = {isa = PBXBuildFile; fileRef = 7542ED78D4A85D3F95BAC4F3 /* MacroSummary.swift */; };
		ED4956D64A02537F9FDC960C /* ParsedIngredient.swift in Sources */ = {isa = PBXBuildFile; fileRef = 01916194BD9D54AD81E80E72 /* ParsedIngredient.swift */; };
		E4DAFCA7DA20530DB65196D9 /* PersonalSettings.swift in Sources */ = {isa = PBXBuildFile; fileRef = 19612A2CA3D357AA81B342C4 /* PersonalSettings.swift */; };
		361E9BAA02EB541684945984 /* PrivateMealLog.swift in Sources */ = {isa = PBXBuildFile; fileRef = 63A12A84798D5D86B22D4DB8 /* PrivateMealLog.swift */; };
		B976F518A6505E288D358225 /* AppLogger.swift in Sources */ = {isa = PBXBuildFile; fileRef = C3ADBD49CE1358E5A08BB466 /* AppLogger.swift */; };
		884B7543FB805D6DB831C4D1 /* PendingInvitationStore.swift in Sources */ = {isa = PBXBuildFile; fileRef = 21DEA84429595EDB837EE166 /* PendingInvitationStore.swift */; };
		BA1EF3402A5154919F74B8C3 /* Theme.swift in Sources */ = {isa = PBXBuildFile; fileRef = 5AD1822310295147B4847C80 /* Theme.swift */; };
		7984C9BEE74258A6849CD7D8 /* TVDemoDataSeeder.swift in Sources */ = {isa = PBXBuildFile; fileRef = 1FF83528F6585E1EB750689D /* TVDemoDataSeeder.swift */; };
		83B135E37A5453DCB4688B39 /* TableTogetherTVApp.swift in Sources */ = {isa = PBXBuildFile; fileRef = 3568B866A23E5C7EAFE6A67C /* TableTogetherTVApp.swift */; };
		8F6CC6D4E81452C7960D2182 /* TVTheme.swift in Sources */ = {isa = PBXBuildFile; fileRef = 568204CC227A5ACBB49718D9 /* TVTheme.swift */; };
		9A2C5172ADBA5A9C85A9ADAF /* TVGlassCard.swift in Sources */ = {isa = PBXBuildFile; fileRef = 7CCFF98E8C2F5D39831495F9 /* TVGlassCard.swift */; };
		26399D087561564484649038 /* TVMealCard.swift in Sources */ = {isa = PBXBuildFile; fileRef = 56BB5824201E5808B85380F7 /* TVMealCard.swift */; };
		D15BB23A44CE5D09BFED9850 /* AmbientView.swift in Sources */ = {isa = PBXBuildFile; fileRef = 42A77F7199DD5AD2BA437972 /* AmbientView.swift */; };
		89C79EBA613F5B27B4E9B4DF /* RecipeView.swift in Sources */ = {isa = PBXBuildFile; fileRef = 0D21D5B6F91C5597A4F72A33 /* RecipeView.swift */; };
		0E8D8CBD6863525DBC4A6BEA /* TableTogether.xcdatamodeld in Sources */ = {isa = PBXBuildFile; fileRef = 22CB0BB5C7FA508890FF96DB /* TableTogether.xcdatamodeld */; };
		E47DE5E9F0C6D4C911200011 /* Assets.xcassets in Resources */ = {isa = PBXBuildFile; fileRef = E47DE5E9F0C6D4C911200012 /* Assets.xcassets */; };
/* End PBXBuildFile section */

/* Begin PBXFileReference section */
		089C1665FEEF756F011CA5E2 /* Foundation.framework */ = {isa = PBXFileReference; lastKnownFileType = wrapper.framework; name = Foundation.framework; path = System/Library/Frameworks/Foundation.framework; sourceTree = SDKROOT; };
		E47DE5E9F0C6D4C911200012 /* Assets.xcassets */ = {isa = PBXFileReference; lastKnownFileType = folder.assetcatalog; path = "Assets.xcassets"; sourceTree = SOURCE_ROOT; };
		4854FF7FA6055950A722A02E /* FoodItem+CoreData.swift */ = {isa = PBXFileReference; lastKnownFileType = sourcecode.swift; path = "../TableTogether/Sources/CoreData/FoodItem+CoreData.swift"; sourceTree = "<group>"; };
		4831EA8B56E55178B5F0CD5A /* GroceryItem+CoreData.swift */ = {isa = PBXFileReference; lastKnownFileType = sourcecode.swift; path = "../TableTogether/Sources/CoreData/GroceryItem+CoreData.swift"; sourceTree = "<group>"; };
		781DC90DB6DA5D9AB7D23F26 /* Household+CoreData.swift */ = {isa = PBXFileReference; lastKnownFileType = sourcecode.swift; path = "../TableTogether/Sources/CoreData/Household+CoreData.swift"; sourceTree = "<group>"; };
		744CBB0FAA0E5F73BE00FC34 /* Ingredient+CoreData.swift */ = {isa = PBXFileReference; lastKnownFileType = sourcecode.swift; path = "../TableTogether/Sources/CoreData/Ingredient+CoreData.swift"; sourceTree = "<group>"; };
		6AE7AD09AD5E51219523FC4D /* MealArchetype+CoreData.swift */ = {isa = PBXFileReference; lastKnownFileType = sourcecode.swift; path = "../TableTogether/Sources/CoreData/MealArchetype+CoreData.swift"; sourceTree = "<group>"; };
		9A2E7F13C5C25C7FA5C6DD42 /* MealSlot+CoreData.swift */ = {isa = PBXFileReference; lastKnownFileType = sourcecode.swift; path = "../TableTogether/Sources/CoreData/MealSlot+CoreData.swift"; sourceTree = "<group>"; };
		A7D994356C505FF6AE5B7B6F /* MealSlotComponent+CoreData.swift */ = {isa = PBXFileReference; lastKnownFileType = sourcecode.swift; path = "../TableTogether/Sources/CoreData/MealSlotComponent+CoreData.swift"; sourceTree = "<group>"; };
		28265224167D59EE8EFBD1FD /* NSManagedObject+Identifiable.swift */ = {isa = PBXFileReference; lastKnownFileType = sourcecode.swift; path = "../TableTogether/Sources/CoreData/NSManagedObject+Identifiable.swift"; sourceTree = "<group>"; };
		79453674C6085087933B7D13 /* PersistenceController.swift */ = {isa = PBXFileReference; lastKnownFileType = sourcecode.swift; path = "../TableTogether/Sources/CoreData/PersistenceController.swift"; sourceTree = "<group>"; };
		5B443C448BFF538B8D37F458 /* Recipe+CoreData.swift */ = {isa = PBXFileReference; lastKnownFileType = sourcecode.swift; path = "../TableTogether/Sources/CoreData/Recipe+CoreData.swift"; sourceTree = "<group>"; };
		3CF3F8AA316554AE951CDECF /* RecipeIngredient+CoreData.swift */ = {isa = PBXFileReference; lastKnownFileType = sourcecode.swift; path = "../TableTogether/Sources/CoreData/RecipeIngredient+CoreData.swift"; sourceTree = "<group>"; };
		38E651F107B35E99875DDC55 /* SuggestionMemory+CoreData.swift */ = {isa = PBXFileReference; lastKnownFileType = sourcecode.swift; path = "../TableTogether/Sources/CoreData/SuggestionMemory+CoreData.swift"; sourceTree = "<group>"; };
		DE4A1EECC88652A3964288EA /* User+CoreData.swift */ = {isa = PBXFileReference; lastKnownFileType = sourcecode.swift; path = "../TableTogether/Sources/CoreData/User+CoreData.swift"; sourceTree = "<group>"; };
		8B01CD809D655DD9B34B02AD /* WeekPlan+CoreData.swift */ = {isa = PBXFileReference; lastKnownFileType = sourcecode.swift; path = "../TableTogether/Sources/CoreData/WeekPlan+CoreData.swift"; sourceTree = "<group>"; };
		EBD8D5C9861E53F3A1803720 /* Color+Extensions.swift */ = {isa = PBXFileReference; lastKnownFileType = sourcecode.swift; path = "../TableTogether/Sources/Extensions/Color+Extensions.swift"; sourceTree = "<group>"; };
		BF1B19A88EF2524A861EEE75 /* Date+Extensions.swift */ = {isa = PBXFileReference; lastKnownFileType = sourcecode.swift; path = "../TableTogether/Sources/Extensions/Date+Extensions.swift"; sourceTree = "<group>"; };
		6956DD87B22D565CB0215E1B /* Notification+Extensions.swift */ = {isa = PBXFileReference; lastKnownFileType = sourcecode.swift; path = "../TableTogether/Sources/Extensions/Notification+Extensions.swift"; sourceTree = "<group>"; };
		4F753E34CFF45C38BD329276 /* Preview+Extensions.swift */ = {isa = PBXFileReference; lastKnownFileType = sourcecode.swift; path = "../TableTogether/Sources/Extensions/Preview+Extensions.swift"; sourceTree = "<group>"; };
		BD7884CCD451579797A387F5 /* SwiftData+Extensions.swift */ = {isa = PBXFileReference; lastKnownFileType = sourcecode.swift; path = "../TableTogether/Sources/Extensions/SwiftData+Extensions.swift"; sourceTree = "<group>"; };
		DF943120621C59D9B1EEB621 /* UUID+Deterministic.swift */ = {isa = PBXFileReference; lastKnownFileType = sourcecode.swift; path = "../TableTogether/Sources/Extensions/UUID+Deterministic.swift"; sourceTree = "<group>"; };
		AC2BAC25825D52038BDD78A0 /* View+Extensions.swift */ = {isa = PBXFileReference; lastKnownFileType = sourcecode.swift; path = "../TableTogether/Sources/Extensions/View+Extensions.swift"; sourceTree = "<group>"; };
		C361465FF43957709B305FFD /* CodableRecipe.swift */ = {isa = PBXFileReference; lastKnownFileType = sourcecode.swift; path = "../TableTogether/Sources/Models/CodableRecipe.swift"; sourceTree = "<group>"; };
		A1B918ED5BF15B86A860FD38 /* CommonPortion.swift */ = {isa = PBXFileReference; lastKnownFileType = sourcecode.swift; path = "../TableTogether/Sources/Models/CommonPortion.swift"; sourceTree = "<group>"; };
		53D2E26245AB580DBE1BB1B6 /* Enums.swift */ = {isa = PBXFileReference; lastKnownFileType = sourcecode.swift; path = "../TableTogether/Sources/Models/Enums.swift"; sourceTree = "<group>"; };
		7542ED78D4A85D3F95BAC4F3 /* MacroSummary.swift */ = {isa = PBXFileReference; lastKnownFileType = sourcecode.swift; path = "../TableTogether/Sources/Models/MacroSummary.swift"; sourceTree = "<group>"; };
		01916194BD9D54AD81E80E72 /* ParsedIngredient.swift */ = {isa = PBXFileReference; lastKnownFileType = sourcecode.swift; path = "../TableTogether/Sources/Models/ParsedIngredient.swift"; sourceTree = "<group>"; };
		19612A2CA3D357AA81B342C4 /* PersonalSettings.swift */ = {isa = PBXFileReference; lastKnownFileType = sourcecode.swift; path = "../TableTogether/Sources/Models/PersonalSettings.swift"; sourceTree = "<group>"; };
		63A12A84798D5D86B22D4DB8 /* PrivateMealLog.swift */ = {isa = PBXFileReference; lastKnownFileType = sourcecode.swift; path = "../TableTogether/Sources/Models/PrivateMealLog.swift"; sourceTree = "<group>"; };
		C3ADBD49CE1358E5A08BB466 /* AppLogger.swift */ = {isa = PBXFileReference; lastKnownFileType = sourcecode.swift; path = "../TableTogether/Sources/Services/AppLogger.swift"; sourceTree = "<group>"; };
		21DEA84429595EDB837EE166 /* PendingInvitationStore.swift */ = {isa = PBXFileReference; lastKnownFileType = sourcecode.swift; path = "../TableTogether/Sources/Services/PendingInvitationStore.swift"; sourceTree = "<group>"; };
		5AD1822310295147B4847C80 /* Theme.swift */ = {isa = PBXFileReference; lastKnownFileType = sourcecode.swift; path = "../TableTogether/Sources/Views/Shared/Theme.swift"; sourceTree = "<group>"; };
		1FF83528F6585E1EB750689D /* TVDemoDataSeeder.swift */ = {isa = PBXFileReference; lastKnownFileType = sourcecode.swift; path = "Sources/TVDemoDataSeeder.swift"; sourceTree = "<group>"; };
		3568B866A23E5C7EAFE6A67C /* TableTogetherTVApp.swift */ = {isa = PBXFileReference; lastKnownFileType = sourcecode.swift; path = "Sources/TableTogetherTVApp.swift"; sourceTree = "<group>"; };
		568204CC227A5ACBB49718D9 /* TVTheme.swift */ = {isa = PBXFileReference; lastKnownFileType = sourcecode.swift; path = "Sources/Theme/TVTheme.swift"; sourceTree = "<group>"; };
		7CCFF98E8C2F5D39831495F9 /* TVGlassCard.swift */ = {isa = PBXFileReference; lastKnownFileType = sourcecode.swift; path = "Sources/Views/Components/TVGlassCard.swift"; sourceTree = "<group>"; };
		56BB5824201E5808B85380F7 /* TVMealCard.swift */ = {isa = PBXFileReference; lastKnownFileType = sourcecode.swift; path = "Sources/Views/Components/TVMealCard.swift"; sourceTree = "<group>"; };
		42A77F7199DD5AD2BA437972 /* AmbientView.swift */ = {isa = PBXFileReference; lastKnownFileType = sourcecode.swift; path = "Sources/Views/Screens/AmbientView.swift"; sourceTree = "<group>"; };
		0D21D5B6F91C5597A4F72A33 /* RecipeView.swift */ = {isa = PBXFileReference; lastKnownFileType = sourcecode.swift; path = "Sources/Views/Screens/RecipeView.swift"; sourceTree = "<group>"; };
		22CB0BB5C7FA508890FF96DB /* TableTogether.xcdatamodeld */ = {isa = PBXFileReference; lastKnownFileType = wrapper.xcdatamodel; path = "../TableTogether/Sources/CoreData/TableTogether.xcdatamodeld"; sourceTree = "<group>"; };
		E47DE5E9F0C6D4C911100002 /* TableTogetherTV.app */ = {isa = PBXFileReference; explicitFileType = wrapper.application; includeInIndex = 0; path = TableTogetherTV.app; sourceTree = BUILT_PRODUCTS_DIR; };
/* End PBXFileReference section */

/* Begin PBXFrameworksBuildPhase section */
		E47DE5E9F0C6D4C911200010 /* Frameworks */ = {
			isa = PBXFrameworksBuildPhase;
			buildActionMask = 2147483647;
			files = (
			);
			runOnlyForDeploymentPostprocessing = 0;
		};
/* End PBXFrameworksBuildPhase section */

/* Begin PBXGroup section */
		089C1665FEEF756F011CA5E3 /* TableTogetherTV */ = {
			isa = PBXGroup;
			children = (
				4854FF7FA6055950A722A02E /* FoodItem+CoreData.swift */,
				4831EA8B56E55178B5F0CD5A /* GroceryItem+CoreData.swift */,
				781DC90DB6DA5D9AB7D23F26 /* Household+CoreData.swift */,
				744CBB0FAA0E5F73BE00FC34 /* Ingredient+CoreData.swift */,
				6AE7AD09AD5E51219523FC4D /* MealArchetype+CoreData.swift */,
				9A2E7F13C5C25C7FA5C6DD42 /* MealSlot+CoreData.swift */,
				A7D994356C505FF6AE5B7B6F /* MealSlotComponent+CoreData.swift */,
				28265224167D59EE8EFBD1FD /* NSManagedObject+Identifiable.swift */,
				79453674C6085087933B7D13 /* PersistenceController.swift */,
				5B443C448BFF538B8D37F458 /* Recipe+CoreData.swift */,
				3CF3F8AA316554AE951CDECF /* RecipeIngredient+CoreData.swift */,
				38E651F107B35E99875DDC55 /* SuggestionMemory+CoreData.swift */,
				DE4A1EECC88652A3964288EA /* User+CoreData.swift */,
				8B01CD809D655DD9B34B02AD /* WeekPlan+CoreData.swift */,
				EBD8D5C9861E53F3A1803720 /* Color+Extensions.swift */,
				BF1B19A88EF2524A861EEE75 /* Date+Extensions.swift */,
				6956DD87B22D565CB0215E1B /* Notification+Extensions.swift */,
				4F753E34CFF45C38BD329276 /* Preview+Extensions.swift */,
				BD7884CCD451579797A387F5 /* SwiftData+Extensions.swift */,
				DF943120621C59D9B1EEB621 /* UUID+Deterministic.swift */,
				AC2BAC25825D52038BDD78A0 /* View+Extensions.swift */,
				C361465FF43957709B305FFD /* CodableRecipe.swift */,
				A1B918ED5BF15B86A860FD38 /* CommonPortion.swift */,
				53D2E26245AB580DBE1BB1B6 /* Enums.swift */,
				7542ED78D4A85D3F95BAC4F3 /* MacroSummary.swift */,
				01916194BD9D54AD81E80E72 /* ParsedIngredient.swift */,
				19612A2CA3D357AA81B342C4 /* PersonalSettings.swift */,
				63A12A84798D5D86B22D4DB8 /* PrivateMealLog.swift */,
				C3ADBD49CE1358E5A08BB466 /* AppLogger.swift */,
				21DEA84429595EDB837EE166 /* PendingInvitationStore.swift */,
				5AD1822310295147B4847C80 /* Theme.swift */,
				1FF83528F6585E1EB750689D /* TVDemoDataSeeder.swift */,
				3568B866A23E5C7EAFE6A67C /* TableTogetherTVApp.swift */,
				568204CC227A5ACBB49718D9 /* TVTheme.swift */,
				7CCFF98E8C2F5D39831495F9 /* TVGlassCard.swift */,
				56BB5824201E5808B85380F7 /* TVMealCard.swift */,
				42A77F7199DD5AD2BA437972 /* AmbientView.swift */,
				0D21D5B6F91C5597A4F72A33 /* RecipeView.swift */,
				22CB0BB5C7FA508890FF96DB /* TableTogether.xcdatamodeld */,
			);
			path = .;
			sourceTree = "<group>";
		};
		19C28FACFE9D520D11CA2CBB /* Products */ = {
			isa = PBXGroup;
			children = (
				E47DE5E9F0C6D4C911100002 /* TableTogetherTV.app */,
			);
			name = Products;
			sourceTree = "<group>";
		};
/* End PBXGroup section */

/* Begin PBXResourcesBuildPhase section */
		E47DE5E9F0C6D4C911200013 /* Resources */ = {
			isa = PBXResourcesBuildPhase;
			buildActionMask = 2147483647;
			files = (
				E47DE5E9F0C6D4C911200011 /* Assets.xcassets in Resources */,
			);
			runOnlyForDeploymentPostprocessing = 0;
		};
/* End PBXResourcesBuildPhase section */

/* Begin PBXNativeTarget section */
		E47DE5E9F0C6D4C911000002 /* TableTogetherTV */ = {
			isa = PBXNativeTarget;
			buildConfigurationList = E47DE5E9F0C6D4C911400002 /* Build configuration list for PBXNativeTarget "TableTogetherTV" */;
			buildPhases = (
				E47DE5E9F0C6D4C911300002 /* Sources */,
				E47DE5E9F0C6D4C911200010 /* Frameworks */,
				E47DE5E9F0C6D4C911200013 /* Resources */,
			);
			buildRules = (
			);
			dependencies = (
			);
			name = TableTogetherTV;
			productName = TableTogetherTV;
			productReference = E47DE5E9F0C6D4C911100002 /* TableTogetherTV.app */;
			productType = "com.apple.product-type.application";
		};
/* End PBXNativeTarget section */

/* Begin PBXProject section */
		089C1665FEEF756F011CA5E0 /* Project object */ = {
			isa = PBXProject;
			attributes = {
				BuildIndependentTargetsInParallel = YES;
				LastSwiftUpdateCheck = 1520;
				LastUpgradeCheck = 1520;
			};
			buildConfigurationList = E47DE5E9F0C6D4C911500002 /* Build configuration list for PBXProject "TableTogetherTV" */;
			compatibilityVersion = "Xcode 14.0";
			developmentRegion = en;
			hasScannedForEncodings = 0;
			knownRegions = (
				en,
				Base,
			);
			mainGroup = 089C1665FEEF756F011CA5E3 /* TableTogetherTV */;
			productRefGroup = 19C28FACFE9D520D11CA2CBB /* Products */;
			projectDirPath = "";
			projectRoot = "";
			targets = (
				E47DE5E9F0C6D4C911000002 /* TableTogetherTV */,
			);
		};
/* End PBXProject section */

/* Begin PBXSourcesBuildPhase section */
		E47DE5E9F0C6D4C911300002 /* Sources */ = {
			isa = PBXSourcesBuildPhase;
			buildActionMask = 2147483647;
			files = (
				74C047A8E7345501AC73D767 /* FoodItem+CoreData.swift in Sources */,
				FB1129F37C7255DEA502727E /* GroceryItem+CoreData.swift in Sources */,
				D31C8CB36ABE52B3B91D92A1 /* Household+CoreData.swift in Sources */,
				6AACCD2B3A2254678CF63EAA /* Ingredient+CoreData.swift in Sources */,
				3D0039AF55A952D8A4A599FA /* MealArchetype+CoreData.swift in Sources */,
				49C14B7200785C8596C7D9A3 /* MealSlot+CoreData.swift in Sources */,
				BA0EB1EF0BCC55ECA9B0944E /* MealSlotComponent+CoreData.swift in Sources */,
				6D07DCCE0E3C576D82C46275 /* NSManagedObject+Identifiable.swift in Sources */,
				75FD611AC70A51BCB817749B /* PersistenceController.swift in Sources */,
				86918DF419ED5432926CFB5B /* Recipe+CoreData.swift in Sources */,
				D87BBF8058E8555D9C632A87 /* RecipeIngredient+CoreData.swift in Sources */,
				D57E5D420CCD5761852DEE06 /* SuggestionMemory+CoreData.swift in Sources */,
				7552800146DE52E78531BFA6 /* User+CoreData.swift in Sources */,
				6C78682856D859139CA20F95 /* WeekPlan+CoreData.swift in Sources */,
				ED6DCB62F23E513F8D15E3C7 /* Color+Extensions.swift in Sources */,
				7742DF044D5F55B5AD51B73F /* Date+Extensions.swift in Sources */,
				BEC5C0FE761C551095EA7A7D /* Notification+Extensions.swift in Sources */,
				8569E030368753EA833A18DB /* Preview+Extensions.swift in Sources */,
				18E3EBFA0E5750228A23DC81 /* SwiftData+Extensions.swift in Sources */,
				9A7432D0FF3E5C3CBDACDF01 /* UUID+Deterministic.swift in Sources */,
				59FB46DA0A535C9384DF052D /* View+Extensions.swift in Sources */,
				A59FAFCBB1E3545B9054D1F9 /* CommonPortion.swift in Sources */,
				E50D462E9F0B5EEA94E73761 /* Enums.swift in Sources */,
				B95BB43CD1125B2B80B92A48 /* MacroSummary.swift in Sources */,
				ED4956D64A02537F9FDC960C /* ParsedIngredient.swift in Sources */,
				E4DAFCA7DA20530DB65196D9 /* PersonalSettings.swift in Sources */,
				361E9BAA02EB541684945984 /* PrivateMealLog.swift in Sources */,
				B976F518A6505E288D358225 /* AppLogger.swift in Sources */,
				884B7543FB805D6DB831C4D1 /* PendingInvitationStore.swift in Sources */,
				BA1EF3402A5154919F74B8C3 /* Theme.swift in Sources */,
				7984C9BEE74258A6849CD7D8 /* TVDemoDataSeeder.swift in Sources */,
				83B135E37A5453DCB4688B39 /* TableTogetherTVApp.swift in Sources */,
				8F6CC6D4E81452C7960D2182 /* TVTheme.swift in Sources */,
				9A2C5172ADBA5A9C85A9ADAF /* TVGlassCard.swift in Sources */,
				26399D087561564484649038 /* TVMealCard.swift in Sources */,
				D15BB23A44CE5D09BFED9850 /* AmbientView.swift in Sources */,
				89C79EBA613F5B27B4E9B4DF /* RecipeView.swift in Sources */,
				0E8D8CBD6863525DBC4A6BEA /* TableTogether.xcdatamodeld in Sources */,
			);
			runOnlyForDeploymentPostprocessing = 0;
		};
/* End PBXSourcesBuildPhase section */

/* Begin XCBuildConfiguration section */
		E47DE5E9F0C6D4C911600003 /* Debug */ = {
			isa = XCBuildConfiguration;
			buildSettings = {
				ALWAYS_SEARCH_USER_PATHS = NO;
				ASSETCATALOG_COMPILER_APPICON_NAME = AppIcon;
				ASSETCATALOG_COMPILER_GENERATE_SWIFT_ASSET_SYMBOL_EXTENSIONS = YES;
				ASSETCATALOG_COMPILER_INCLUDE_ALL_APPICON_ASSETS = YES;
				ASSETCATALOG_COMPILER_STANDALONE_ICON_BEHAVIOR = default;
				CLANG_ENABLE_MODULES = YES;
				CLANG_ENABLE_OBJC_ARC = YES;
				CODE_SIGN_ENTITLEMENTS = TableTogetherTV.entitlements;
				GENERATE_INFOPLIST_FILE = YES;
				CODE_SIGN_STYLE = Automatic;
				CURRENT_PROJECT_VERSION = 1;
				VERSIONING_SYSTEM = "apple-generic";
				DEVELOPMENT_TEAM = N6BK2WX94Z;
				DEBUG_INFORMATION_FORMAT = dwarf;
				ENABLE_STRICT_OBJC_MSGSEND = YES;
				GCC_NO_COMMON_BLOCKS = YES;
				GCC_OPTIMIZATION_LEVEL = 0;
				GCC_WARN_64_TO_32_BIT_CONVERSION = YES;
				GCC_WARN_ABOUT_RETURN_TYPE = YES_ERROR;
				GCC_WARN_UNDECLARED_SELECTOR = YES;
				GCC_WARN_UNINITIALIZED_AUTOS = YES_AGGRESSIVE;
				GCC_WARN_UNUSED_FUNCTION = YES;
				GCC_WARN_UNUSED_VARIABLE = YES;
				TVOS_DEPLOYMENT_TARGET = 17.0;
				MARKETING_VERSION = 1.2;
				MTL_ENABLE_DEBUG_INFO = INCLUDE_SOURCE;
				MTL_FAST_MATH = YES;
				ONLY_ACTIVE_ARCH = YES;
				GENERATE_INFOPLIST_FILE = YES;
				INFOPLIST_FILE = TableTogetherTV/Info.plist;
				INFOPLIST_KEY_UILaunchScreen_Generation = YES;
				INFOPLIST_KEY_UIUserInterfaceStyle = Dark;
				PRODUCT_BUNDLE_IDENTIFIER = dev.dreamfold.tabletogether.tv;
				PRODUCT_NAME = "$(TARGET_NAME)";
				SDKROOT = appletvos;
				SUPPORTED_PLATFORMS = "appletvos appletvsimulator";
				SWIFT_ACTIVE_COMPILATION_CONDITIONS = DEBUG;
				SWIFT_EMIT_LOC_STRINGS = YES;
				SWIFT_OPTIMIZATION_LEVEL = "-Onone";
				SWIFT_STRICT_CONCURRENCY = complete;
				SWIFT_VERSION = 6.2;
				TARGETED_DEVICE_FAMILY = 3;
			};
			name = Debug;
		};
		E47DE5E9F0C6D4C911600004 /* Release */ = {
			isa = XCBuildConfiguration;
			buildSettings = {
				ALWAYS_SEARCH_USER_PATHS = NO;
				ASSETCATALOG_COMPILER_APPICON_NAME = AppIcon;
				ASSETCATALOG_COMPILER_GENERATE_SWIFT_ASSET_SYMBOL_EXTENSIONS = YES;
				ASSETCATALOG_COMPILER_INCLUDE_ALL_APPICON_ASSETS = YES;
				ASSETCATALOG_COMPILER_STANDALONE_ICON_BEHAVIOR = default;
				CLANG_ENABLE_MODULES = YES;
				CLANG_ENABLE_OBJC_ARC = YES;
				CODE_SIGN_ENTITLEMENTS = TableTogetherTV.entitlements;
				GENERATE_INFOPLIST_FILE = YES;
				CODE_SIGN_STYLE = Automatic;
				CURRENT_PROJECT_VERSION = 1;
				VERSIONING_SYSTEM = "apple-generic";
				DEVELOPMENT_TEAM = N6BK2WX94Z;
				ENABLE_STRICT_OBJC_MSGSEND = YES;
				GCC_NO_COMMON_BLOCKS = YES;
				GCC_WARN_64_TO_32_BIT_CONVERSION = YES;
				GCC_WARN_ABOUT_RETURN_TYPE = YES_ERROR;
				GCC_WARN_UNDECLARED_SELECTOR = YES;
				GCC_WARN_UNINITIALIZED_AUTOS = YES_AGGRESSIVE;
				GCC_WARN_UNUSED_FUNCTION = YES;
				GCC_WARN_UNUSED_VARIABLE = YES;
				TVOS_DEPLOYMENT_TARGET = 17.0;
				MARKETING_VERSION = 1.2;
				MTL_ENABLE_DEBUG_INFO = NO;
				MTL_FAST_MATH = YES;
				GENERATE_INFOPLIST_FILE = YES;
				INFOPLIST_FILE = TableTogetherTV/Info.plist;
				INFOPLIST_KEY_UILaunchScreen_Generation = YES;
				INFOPLIST_KEY_UIUserInterfaceStyle = Dark;
				PRODUCT_BUNDLE_IDENTIFIER = dev.dreamfold.tabletogether.tv;
				PRODUCT_NAME = "$(TARGET_NAME)";
				SDKROOT = appletvos;
				SUPPORTED_PLATFORMS = "appletvos appletvsimulator";
				SWIFT_EMIT_LOC_STRINGS = YES;
				SWIFT_STRICT_CONCURRENCY = complete;
				SWIFT_VERSION = 6.2;
				TARGETED_DEVICE_FAMILY = 3;
				VALIDATE_PRODUCT = YES;
			};
			name = Release;
		};
		E47DE5E9F0C6D4C911700003 /* Debug */ = {
			isa = XCBuildConfiguration;
			buildSettings = {
				ALWAYS_SEARCH_USER_PATHS = NO;
				CLANG_CXX_LANGUAGE_STANDARD = "gnu++20";
				CLANG_ENABLE_MODULES = YES;
				CLANG_ENABLE_OBJC_ARC = YES;
				COPY_PHASE_STRIP = NO;
				DEBUG_INFORMATION_FORMAT = dwarf;
				GCC_C_LANGUAGE_STANDARD = gnu11;
				GCC_DYNAMIC_NO_PIC = NO;
				GCC_OPTIMIZATION_LEVEL = 0;
				GCC_PREPROCESSOR_DEFINITIONS = (
					"DEBUG=1",
					"$(inherited)",
				);
				GCC_WARN_ABOUT_RETURN_TYPE = YES_ERROR;
				GCC_WARN_UNINITIALIZED_AUTOS = YES_AGGRESSIVE;
				MTL_ENABLE_DEBUG_INFO = INCLUDE_SOURCE;
				ONLY_ACTIVE_ARCH = YES;
				CURRENT_PROJECT_VERSION = 1;
				SWIFT_ACTIVE_COMPILATION_CONDITIONS = DEBUG;
				SWIFT_OPTIMIZATION_LEVEL = "-Onone";
				VERSIONING_SYSTEM = "apple-generic";
			};
			name = Debug;
		};
		E47DE5E9F0C6D4C911700004 /* Release */ = {
			isa = XCBuildConfiguration;
			buildSettings = {
				ALWAYS_SEARCH_USER_PATHS = NO;
				CLANG_CXX_LANGUAGE_STANDARD = "gnu++20";
				CLANG_ENABLE_MODULES = YES;
				CLANG_ENABLE_OBJC_ARC = YES;
				COPY_PHASE_STRIP = NO;
				CURRENT_PROJECT_VERSION = 1;
				GCC_C_LANGUAGE_STANDARD = gnu11;
				GCC_WARN_ABOUT_RETURN_TYPE = YES_ERROR;
				GCC_WARN_UNINITIALIZED_AUTOS = YES_AGGRESSIVE;
				MTL_ENABLE_DEBUG_INFO = NO;
				SWIFT_COMPILATION_MODE = wholemodule;
				SWIFT_OPTIMIZATION_LEVEL = "-O";
				VERSIONING_SYSTEM = "apple-generic";
			};
			name = Release;
		};
/* End XCBuildConfiguration section */

/* Begin XCConfigurationList section */
		E47DE5E9F0C6D4C911400002 /* Build configuration list for PBXNativeTarget "TableTogetherTV" */ = {
			isa = XCConfigurationList;
			buildConfigurations = (
				E47DE5E9F0C6D4C911600003 /* Debug */,
				E47DE5E9F0C6D4C911600004 /* Release */,
			);
			defaultConfigurationIsVisible = 0;
			defaultConfigurationName = Release;
		};
		E47DE5E9F0C6D4C911500002 /* Build configuration list for PBXProject "TableTogetherTV" */ = {
			isa = XCConfigurationList;
			buildConfigurations = (
				E47DE5E9F0C6D4C911700003 /* Debug */,
				E47DE5E9F0C6D4C911700004 /* Release */,
			);
			defaultConfigurationIsVisible = 0;
			defaultConfigurationName = Release;
		};
/* End XCConfigurationList section */
	};
	rootObject = 089C1665FEEF756F011CA5E0 /* Project object */;
}
